
Microsoft Visual Studio Solution File, Format Version 12.00
# Visual Studio 15
VisualStudioVersion = 15.0.28307.757
MinimumVisualStudioVersion = 10.0.40219.1
Project("{FAE04EC0-301F-11D3-BF4B-00C04F79EFBC}") = "JobTracker", "JobTracker\JobTracker.csproj", "{A795E777-0242-4A77-A1FC-E7884297C897}"
EndProject
Global
	GlobalSection(SolutionConfigurationPlatforms) = preSolution
		Debug|Any CPU = Debug|Any CPU
		Release|Any CPU = Release|Any CPU
	EndGlobalSection
	GlobalSection(ProjectConfigurationPlatforms) = postSolution
		{A795E777-0242-4A77-A1FC-E7884297C897}.Debug|Any CPU.ActiveCfg = Debug|Any CPU
		{A795E777-0242-4A77-A1FC-E7884297C897}.Debug|Any CPU.Build.0 = Debug|Any CPU
		{A795E777-0242-4A77-A1FC-E7884297C897}.Release|Any CPU.ActiveCfg = Release|Any CPU
		{A795E777-0242-4A77-A1FC-E7884297C897}.Release|Any CPU.Build.0 = Release|Any CPU
	EndGlobalSection
	GlobalSection(SolutionProperties) = preSolution
		HideSolutionNode = FALSE
	EndGlobalSection
	GlobalSection(ExtensibilityGlobals) = postSolution
		SolutionGuid = {808C4421-9402-4C5A-9514-9572BA13D645}
	EndGlobalSection
EndGlobal
